{
  "requires": true,
  "lockfileVersion": 1,
  "dependencies": {
    "orderedmap": {
      "version": "1.0.0",
      "resolved": "https://registry.npmjs.org/orderedmap/-/orderedmap-1.0.0.tgz",
      "integrity": "sha1-2Q/Cuh7QhRkJB9YB3sbmpT+NQbo="
    },
    "prosemirror-model": {
      "version": "1.7.0",
      "resolved": "https://registry.npmjs.org/prosemirror-model/-/prosemirror-model-1.7.0.tgz",
      "integrity": "sha512-/6ul6guiqyAl5I+0qbnL7SlmuX0DEfYqjvzeLUVEnb7nwF/vmKZuWqbjEG2tqi/9SSudvd3UxQTBDHvxy9hQwA==",
      "requires": {
        "orderedmap": "^1.0.0"
      }
    },
    "prosemirror-state": {
      "version": "1.2.2",
      "resolved": "https://registry.npmjs.org/prosemirror-state/-/prosemirror-state-1.2.2.tgz",
      "integrity": "sha512-j8aC/kf9BJSCQau485I/9pj39XQoce+TqH5xzekT7WWFARTsRYFLJtiXBcCKakv1VSeev+sC3bJP0pLfz7Ft8g==",
      "requires": {
        "prosemirror-model": "^1.0.0",
        "prosemirror-transform": "^1.0.0"
      }
    },
    "prosemirror-transform": {
      "version": "1.1.3",
      "resolved": "https://registry.npmjs.org/prosemirror-transform/-/prosemirror-transform-1.1.3.tgz",
      "integrity": "sha512-1O6Di5lOL1mp4nuCnQNkHY7l2roIW5y8RH4ZG3hMYmkmDEWzTaFFnxxAAHsE5ipGLBSRcTlP7SsDhYBIdSuLpQ==",
      "requires": {
        "prosemirror-model": "^1.0.0"
      }
    },
    "prosemirror-view": {
      "version": "1.7.1",
      "resolved": "https://registry.npmjs.org/prosemirror-view/-/prosemirror-view-1.7.1.tgz",
      "integrity": "sha512-UFY/h4i5H1Yen8u2ZTve0WL+nh/y1qU3geC3SrWl5yIKSgGbvllD5vr5LxmeRgVsY8hb+oDXRHk5KvLwqmu7Lg==",
      "requires": {
        "prosemirror-model": "^1.1.0",
        "prosemirror-state": "^1.0.0",
        "prosemirror-transform": "^1.1.0"
      }
    }
  }
}
